
Microsoft Visual Studio Solution File, Format Version 12.00
# Visual Studio Version 17
VisualStudioVersion = 17.10.35122.118
MinimumVisualStudioVersion = 10.0.40219.1
Project("{9A19103F-16F7-4668-BE54-9A1E7A4F7556}") = "MinimalApiAot", "MinimalApiAot\MinimalApiAot.csproj", "{6EF4FB88-AEE8-484A-912C-8C97ED332CFF}"
EndProject
Project("{9A19103F-16F7-4668-BE54-9A1E7A4F7556}") = "MinimalApiAot.MsTest.Tests", "MinimalApiAot.MsTest.Tests\MinimalApiAot.MsTest.Tests.csproj", "{EFA01C78-5A00-46DB-BCC0-ED2CD840C5C9}"
EndProject
Project("{9A19103F-16F7-4668-BE54-9A1E7A4F7556}") = "MinimalApiAot.NUnit.Tests", "MinimalApiAot.NUnit.Tests\MinimalApiAot.NUnit.Tests.csproj", "{87970DF2-2C9D-4EED-AE79-04AE11B4BF1A}"
EndProject
Project("{9A19103F-16F7-4668-BE54-9A1E7A4F7556}") = "MinimalApiAot.XUnit.Tests", "MinimalApiAot.XUnit.Tests\MinimalApiAot.XUnit.Tests.csproj", "{4EA35920-51F4-4CE8-A26E-BD2095B7FAE1}"
EndProject
Global
	GlobalSection(SolutionConfigurationPlatforms) = preSolution
		Debug|Any CPU = Debug|Any CPU
		Release|Any CPU = Release|Any CPU
	EndGlobalSection
	GlobalSection(ProjectConfigurationPlatforms) = postSolution
		{6EF4FB88-AEE8-484A-912C-8C97ED332CFF}.Debug|Any CPU.ActiveCfg = Debug|Any CPU
		{6EF4FB88-AEE8-484A-912C-8C97ED332CFF}.Debug|Any CPU.Build.0 = Debug|Any CPU
		{6EF4FB88-AEE8-484A-912C-8C97ED332CFF}.Release|Any CPU.ActiveCfg = Release|Any CPU
		{6EF4FB88-AEE8-484A-912C-8C97ED332CFF}.Release|Any CPU.Build.0 = Release|Any CPU
		{EFA01C78-5A00-46DB-BCC0-ED2CD840C5C9}.Debug|Any CPU.ActiveCfg = Debug|Any CPU
		{EFA01C78-5A00-46DB-BCC0-ED2CD840C5C9}.Debug|Any CPU.Build.0 = Debug|Any CPU
		{EFA01C78-5A00-46DB-BCC0-ED2CD840C5C9}.Release|Any CPU.ActiveCfg = Release|Any CPU
		{EFA01C78-5A00-46DB-BCC0-ED2CD840C5C9}.Release|Any CPU.Build.0 = Release|Any CPU
		{87970DF2-2C9D-4EED-AE79-04AE11B4BF1A}.Debug|Any CPU.ActiveCfg = Debug|Any CPU
		{87970DF2-2C9D-4EED-AE79-04AE11B4BF1A}.Debug|Any CPU.Build.0 = Debug|Any CPU
		{87970DF2-2C9D-4EED-AE79-04AE11B4BF1A}.Release|Any CPU.ActiveCfg = Release|Any CPU
		{87970DF2-2C9D-4EED-AE79-04AE11B4BF1A}.Release|Any CPU.Build.0 = Release|Any CPU
		{4EA35920-51F4-4CE8-A26E-BD2095B7FAE1}.Debug|Any CPU.ActiveCfg = Debug|Any CPU
		{4EA35920-51F4-4CE8-A26E-BD2095B7FAE1}.Debug|Any CPU.Build.0 = Debug|Any CPU
		{4EA35920-51F4-4CE8-A26E-BD2095B7FAE1}.Release|Any CPU.ActiveCfg = Release|Any CPU
		{4EA35920-51F4-4CE8-A26E-BD2095B7FAE1}.Release|Any CPU.Build.0 = Release|Any CPU
	EndGlobalSection
	GlobalSection(SolutionProperties) = preSolution
		HideSolutionNode = FALSE
	EndGlobalSection
	GlobalSection(ExtensibilityGlobals) = postSolution
		SolutionGuid = {A1CB66E1-0F69-4A04-9535-2F519A9DF863}
	EndGlobalSection
EndGlobal
